
Microsoft Visual Studio Solution File, Format Version 12.00
# Visual Studio Version 17
VisualStudioVersion = 17.7.34221.43
MinimumVisualStudioVersion = 10.0.40219.1
Project("{FAE04EC0-301F-11D3-BF4B-00C04F79EFBC}") = "N96121171_蔡尚哲_C#_第二次測評", "N96121171_蔡尚哲_C#_第二次測評\N96121171_蔡尚哲_C#_第二次測評.csproj", "{776F428A-539D-4A2D-98B7-888450C167D3}"
EndProject
Global
	GlobalSection(SolutionConfigurationPlatforms) = preSolution
		Debug|Any CPU = Debug|Any CPU
		Release|Any CPU = Release|Any CPU
	EndGlobalSection
	GlobalSection(ProjectConfigurationPlatforms) = postSolution
		{776F428A-539D-4A2D-98B7-888450C167D3}.Debug|Any CPU.ActiveCfg = Debug|Any CPU
		{776F428A-539D-4A2D-98B7-888450C167D3}.Debug|Any CPU.Build.0 = Debug|Any CPU
		{776F428A-539D-4A2D-98B7-888450C167D3}.Release|Any CPU.ActiveCfg = Release|Any CPU
		{776F428A-539D-4A2D-98B7-888450C167D3}.Release|Any CPU.Build.0 = Release|Any CPU
	EndGlobalSection
	GlobalSection(SolutionProperties) = preSolution
		HideSolutionNode = FALSE
	EndGlobalSection
	GlobalSection(ExtensibilityGlobals) = postSolution
		SolutionGuid = {00EEA491-181C-43CE-828A-BBF8C3F40B0F}
	EndGlobalSection
EndGlobal
